
Microsoft Visual Studio Solution File, Format Version 12.00
# Visual Studio Version 16
VisualStudioVersion = 16.0.30804.86
MinimumVisualStudioVersion = 10.0.40219.1
Project("{FAE04EC0-301F-11D3-BF4B-00C04F79EFBC}") = "DataAccess", "DataAccess\DataAccess.csproj", "{0CCDB7F1-F3D9-45A7-B65C-D28F2DE6DE53}"
EndProject
Project("{FAE04EC0-301F-11D3-BF4B-00C04F79EFBC}") = "Business", "Business\Business.csproj", "{1B328950-9751-4203-9B34-925C1BA70F36}"
EndProject
Project("{FAE04EC0-301F-11D3-BF4B-00C04F79EFBC}") = "Entities", "Entities\Entities.csproj", "{1223780C-F4C6-4963-91ED-3EE4DB715F16}"
EndProject
Project("{FAE04EC0-301F-11D3-BF4B-00C04F79EFBC}") = "ConsoleUI", "ConsoleUI\ConsoleUI.csproj", "{D04E2B01-9443-4161-AB36-69807DDCF497}"
EndProject
Global
	GlobalSection(SolutionConfigurationPlatforms) = preSolution
		Debug|Any CPU = Debug|Any CPU
		Release|Any CPU = Release|Any CPU
	EndGlobalSection
	GlobalSection(ProjectConfigurationPlatforms) = postSolution
		{0CCDB7F1-F3D9-45A7-B65C-D28F2DE6DE53}.Debug|Any CPU.ActiveCfg = Debug|Any CPU
		{0CCDB7F1-F3D9-45A7-B65C-D28F2DE6DE53}.Debug|Any CPU.Build.0 = Debug|Any CPU
		{0CCDB7F1-F3D9-45A7-B65C-D28F2DE6DE53}.Release|Any CPU.ActiveCfg = Release|Any CPU
		{0CCDB7F1-F3D9-45A7-B65C-D28F2DE6DE53}.Release|Any CPU.Build.0 = Release|Any CPU
		{1B328950-9751-4203-9B34-925C1BA70F36}.Debug|Any CPU.ActiveCfg = Debug|Any CPU
		{1B328950-9751-4203-9B34-925C1BA70F36}.Debug|Any CPU.Build.0 = Debug|Any CPU
		{1B328950-9751-4203-9B34-925C1BA70F36}.Release|Any CPU.ActiveCfg = Release|Any CPU
		{1B328950-9751-4203-9B34-925C1BA70F36}.Release|Any CPU.Build.0 = Release|Any CPU
		{1223780C-F4C6-4963-91ED-3EE4DB715F16}.Debug|Any CPU.ActiveCfg = Debug|Any CPU
		{1223780C-F4C6-4963-91ED-3EE4DB715F16}.Debug|Any CPU.Build.0 = Debug|Any CPU
		{1223780C-F4C6-4963-91ED-3EE4DB715F16}.Release|Any CPU.ActiveCfg = Release|Any CPU
		{1223780C-F4C6-4963-91ED-3EE4DB715F16}.Release|Any CPU.Build.0 = Release|Any CPU
		{D04E2B01-9443-4161-AB36-69807DDCF497}.Debug|Any CPU.ActiveCfg = Debug|Any CPU
		{D04E2B01-9443-4161-AB36-69807DDCF497}.Debug|Any CPU.Build.0 = Debug|Any CPU
		{D04E2B01-9443-4161-AB36-69807DDCF497}.Release|Any CPU.ActiveCfg = Release|Any CPU
		{D04E2B01-9443-4161-AB36-69807DDCF497}.Release|Any CPU.Build.0 = Release|Any CPU
	EndGlobalSection
	GlobalSection(SolutionProperties) = preSolution
		HideSolutionNode = FALSE
	EndGlobalSection
	GlobalSection(ExtensibilityGlobals) = postSolution
		SolutionGuid = {A89441AD-E257-42CF-A443-D41AEFB8DC06}
	EndGlobalSection
EndGlobal
